
Microsoft Visual Studio Solution File, Format Version 12.00
# Visual Studio Version 16
VisualStudioVersion = 16.0.29201.188
MinimumVisualStudioVersion = 10.0.40219.1
Project("{FAE04EC0-301F-11D3-BF4B-00C04F79EFBC}") = "Apriori algorithm", "Apriori algorithm\Apriori algorithm.csproj", "{A0BF1CB7-7F25-4F65-A0D5-2D5F83713DFA}"
EndProject
Global
	GlobalSection(SolutionConfigurationPlatforms) = preSolution
		Debug|Any CPU = Debug|Any CPU
		Release|Any CPU = Release|Any CPU
	EndGlobalSection
	GlobalSection(ProjectConfigurationPlatforms) = postSolution
		{A0BF1CB7-7F25-4F65-A0D5-2D5F83713DFA}.Debug|Any CPU.ActiveCfg = Debug|Any CPU
		{A0BF1CB7-7F25-4F65-A0D5-2D5F83713DFA}.Debug|Any CPU.Build.0 = Debug|Any CPU
		{A0BF1CB7-7F25-4F65-A0D5-2D5F83713DFA}.Release|Any CPU.ActiveCfg = Release|Any CPU
		{A0BF1CB7-7F25-4F65-A0D5-2D5F83713DFA}.Release|Any CPU.Build.0 = Release|Any CPU
	EndGlobalSection
	GlobalSection(SolutionProperties) = preSolution
		HideSolutionNode = FALSE
	EndGlobalSection
	GlobalSection(ExtensibilityGlobals) = postSolution
		SolutionGuid = {2BF895F2-FBCC-49F5-A1FF-56BBF29BAA46}
	EndGlobalSection
EndGlobal
